# This file is automatically @generated by Cargo.
# It is not intended for manual editing.
version = 4

[[package]]
name = "microblog-rs"
version = "0.1.0"
dependencies = [
 "toypeg",
]

[[package]]
name = "toypeg"
version = "0.1.0"
source = "git+https://github.com/rhoboro/toypeg#ba7eab5529cb9eb497b7d04fc85851127b9f98a5"
