# This file is automatically @generated by Cargo.
# It is not intended for manual editing.
version = 4

[[package]]
name = "microblog-rs"
version = "0.1.0"
dependencies = [
 "toypeg",
]

[[package]]
name = "toypeg"
version = "0.1.0"
source = "git+https://github.com/rhoboro/toypeg#31063b90cba6a0ed2a7eafc877d17462081544d1"
